// !$*UTF8*$!
{
	archiveVersion = 1;
	classes = {
	};
	objectVersion = 46;
	objects = {

/* Begin PBXBuildFile section */
		ABE67C441A2E3E9F008E00B4 /* Foundation.framework in Frameworks */ = {isa = PBXBuildFile; fileRef = ABE67C431A2E3E9F008E00B4 /* Foundation.framework */; };
		ABE67C461A2E3E9F008E00B4 /* CoreGraphics.framework in Frameworks */ = {isa = PBXBuildFile; fileRef = ABE67C451A2E3E9F008E00B4 /* CoreGraphics.framework */; };
		ABE67C481A2E3E9F008E00B4 /* UIKit.framework in Frameworks */ = {isa = PBXBuildFile; fileRef = ABE67C471A2E3E9F008E00B4 /* UIKit.framework */; };
		ABE67C4E1A2E3E9F008E00B4 /* InfoPlist.strings in Resources */ = {isa = PBXBuildFile; fileRef = ABE67C4C1A2E3E9F008E00B4 /* InfoPlist.strings */; };
		ABE67C501A2E3E9F008E00B4 /* main.m in Sources */ = {isa = PBXBuildFile; fileRef = ABE67C4F1A2E3E9F008E00B4 /* main.m */; };
		ABE67C541A2E3E9F008E00B4 /* CSCI400AppDelegate.m in Sources */ = {isa = PBXBuildFile; fileRef = ABE67C531A2E3E9F008E00B4 /* CSCI400AppDelegate.m */; };
		ABE67C561A2E3E9F008E00B4 /* Images.xcassets in Resources */ = {isa = PBXBuildFile; fileRef = ABE67C551A2E3E9F008E00B4 /* Images.xcassets */; };
		ABE67C5D1A2E3E9F008E00B4 /* XCTest.framework in Frameworks */ = {isa = PBXBuildFile; fileRef = ABE67C5C1A2E3E9F008E00B4 /* XCTest.framework */; };
		ABE67C5E1A2E3E9F008E00B4 /* Foundation.framework in Frameworks */ = {isa = PBXBuildFile; fileRef = ABE67C431A2E3E9F008E00B4 /* Foundation.framework */; };
		ABE67C5F1A2E3E9F008E00B4 /* UIKit.framework in Frameworks */ = {isa = PBXBuildFile; fileRef = ABE67C471A2E3E9F008E00B4 /* UIKit.framework */; };
		ABE67C671A2E3E9F008E00B4 /* InfoPlist.strings in Resources */ = {isa = PBXBuildFile; fileRef = ABE67C651A2E3E9F008E00B4 /* InfoPlist.strings */; };
		ABE67C691A2E3E9F008E00B4 /* TicMathToeTests.m in Sources */ = {isa = PBXBuildFile; fileRef = ABE67C681A2E3E9F008E00B4 /* TicMathToeTests.m */; };
/* End PBXBuildFile section */

/* Begin PBXContainerItemProxy section */
		ABE67C601A2E3E9F008E00B4 /* PBXContainerItemProxy */ = {
			isa = PBXContainerItemProxy;
			containerPortal = ABE67C381A2E3E9F008E00B4 /* Project object */;
			proxyType = 1;
			remoteGlobalIDString = ABE67C3F1A2E3E9F008E00B4;
			remoteInfo = TicMathToe;
		};
/* End PBXContainerItemProxy section */

/* Begin PBXFileReference section */
		ABE67C401A2E3E9F008E00B4 /* TicMathToe.app */ = {isa = PBXFileReference; explicitFileType = wrapper.application; includeInIndex = 0; path = TicMathToe.app; sourceTree = BUILT_PRODUCTS_DIR; };
		ABE67C431A2E3E9F008E00B4 /* Foundation.framework */ = {isa = PBXFileReference; lastKnownFileType = wrapper.framework; name = Foundation.framework; path = System/Library/Frameworks/Foundation.framework; sourceTree = SDKROOT; };
		ABE67C451A2E3E9F008E00B4 /* CoreGraphics.framework */ = {isa = PBXFileReference; lastKnownFileType = wrapper.framework; name = CoreGraphics.framework; path = System/Library/Frameworks/CoreGraphics.framework; sourceTree = SDKROOT; };
		ABE67C471A2E3E9F008E00B4 /* UIKit.framework */ = {isa = PBXFileReference; lastKnownFileType = wrapper.framework; name = UIKit.framework; path = System/Library/Frameworks/UIKit.framework; sourceTree = SDKROOT; };
		ABE67C4B1A2E3E9F008E00B4 /* TicMathToe-Info.plist */ = {isa = PBXFileReference; lastKnownFileType = text.plist.xml; path = "TicMathToe-Info.plist"; sourceTree = "<group>"; };
		ABE67C4D1A2E3E9F008E00B4 /* en */ = {isa = PBXFileReference; lastKnownFileType = text.plist.strings; name = en; path = en.lproj/InfoPlist.strings; sourceTree = "<group>"; };
		ABE67C4F1A2E3E9F008E00B4 /* main.m */ = {isa = PBXFileReference; lastKnownFileType = sourcecode.c.objc; path = main.m; sourceTree = "<group>"; };
		ABE67C511A2E3E9F008E00B4 /* TicMathToe-Prefix.pch */ = {isa = PBXFileReference; lastKnownFileType = sourcecode.c.h; path = "TicMathToe-Prefix.pch"; sourceTree = "<group>"; };
		ABE67C521A2E3E9F008E00B4 /* CSCI400AppDelegate.h */ = {isa = PBXFileReference; lastKnownFileType = sourcecode.c.h; path = CSCI400AppDelegate.h; sourceTree = "<group>"; };
		ABE67C531A2E3E9F008E00B4 /* CSCI400AppDelegate.m */ = {isa = PBXFileReference; lastKnownFileType = sourcecode.c.objc; path = CSCI400AppDelegate.m; sourceTree = "<group>"; };
		ABE67C551A2E3E9F008E00B4 /* Images.xcassets */ = {isa = PBXFileReference; lastKnownFileType = folder.assetcatalog; path = Images.xcassets; sourceTree = "<group>"; };
		ABE67C5B1A2E3E9F008E00B4 /* TicMathToeTests.xctest */ = {isa = PBXFileReference; explicitFileType = wrapper.cfbundle; includeInIndex = 0; path = TicMathToeTests.xctest; sourceTree = BUILT_PRODUCTS_DIR; };
		ABE67C5C1A2E3E9F008E00B4 /* XCTest.framework */ = {isa = PBXFileReference; lastKnownFileType = wrapper.framework; name = XCTest.framework; path = Library/Frameworks/XCTest.framework; sourceTree = DEVELOPER_DIR; };
		ABE67C641A2E3E9F008E00B4 /* TicMathToeTests-Info.plist */ = {isa = PBXFileReference; lastKnownFileType = text.plist.xml; path = "TicMathToeTests-Info.plist"; sourceTree = "<group>"; };
		ABE67C661A2E3E9F008E00B4 /* en */ = {isa = PBXFileReference; lastKnownFileType = text.plist.strings; name = en; path = en.lproj/InfoPlist.strings; sourceTree = "<group>"; };
		ABE67C681A2E3E9F008E00B4 /* TicMathToeTests.m */ = {isa = PBXFileReference; lastKnownFileType = sourcecode.c.objc; path = TicMathToeTests.m; sourceTree = "<group>"; };
/* End PBXFileReference section */

/* Begin PBXFrameworksBuildPhase section */
		ABE67C3D1A2E3E9F008E00B4 /* Frameworks */ = {
			isa = PBXFrameworksBuildPhase;
			buildActionMask = 2147483647;
			files = (
				ABE67C461A2E3E9F008E00B4 /* CoreGraphics.framework in Frameworks */,
				ABE67C481A2E3E9F008E00B4 /* UIKit.framework in Frameworks */,
				ABE67C441A2E3E9F008E00B4 /* Foundation.framework in Frameworks */,
			);
			runOnlyForDeploymentPostprocessing = 0;
		};
		ABE67C581A2E3E9F008E00B4 /* Frameworks */ = {
			isa = PBXFrameworksBuildPhase;
			buildActionMask = 2147483647;
			files = (
				ABE67C5D1A2E3E9F008E00B4 /* XCTest.framework in Frameworks */,
				ABE67C5F1A2E3E9F008E00B4 /* UIKit.framework in Frameworks */,
				ABE67C5E1A2E3E9F008E00B4 /* Foundation.framework in Frameworks */,
			);
			runOnlyForDeploymentPostprocessing = 0;
		};
/* End PBXFrameworksBuildPhase section */

/* Begin PBXGroup section */
		ABE67C371A2E3E9F008E00B4 = {
			isa = PBXGroup;
			children = (
				ABE67C491A2E3E9F008E00B4 /* TicMathToe */,
				ABE67C621A2E3E9F008E00B4 /* TicMathToeTests */,
				ABE67C421A2E3E9F008E00B4 /* Frameworks */,
				ABE67C411A2E3E9F008E00B4 /* Products */,
			);
			sourceTree = "<group>";
		};
		ABE67C411A2E3E9F008E00B4 /* Products */ = {
			isa = PBXGroup;
			children = (
				ABE67C401A2E3E9F008E00B4 /* TicMathToe.app */,
				ABE67C5B1A2E3E9F008E00B4 /* TicMathToeTests.xctest */,
			);
			name = Products;
			sourceTree = "<group>";
		};
		ABE67C421A2E3E9F008E00B4 /* Frameworks */ = {
			isa = PBXGroup;
			children = (
				ABE67C431A2E3E9F008E00B4 /* Foundation.framework */,
				ABE67C451A2E3E9F008E00B4 /* CoreGraphics.framework */,
				ABE67C471A2E3E9F008E00B4 /* UIKit.framework */,
				ABE67C5C1A2E3E9F008E00B4 /* XCTest.framework */,
			);
			name = Frameworks;
			sourceTree = "<group>";
		};
		ABE67C491A2E3E9F008E00B4 /* TicMathToe */ = {
			isa = PBXGroup;
			children = (
				ABE67C521A2E3E9F008E00B4 /* CSCI400AppDelegate.h */,
				ABE67C531A2E3E9F008E00B4 /* CSCI400AppDelegate.m */,
				ABE67C551A2E3E9F008E00B4 /* Images.xcassets */,
				ABE67C4A1A2E3E9F008E00B4 /* Supporting Files */,
			);
			path = TicMathToe;
			sourceTree = "<group>";
		};
		ABE67C4A1A2E3E9F008E00B4 /* Supporting Files */ = {
			isa = PBXGroup;
			children = (
				ABE67C4B1A2E3E9F008E00B4 /* TicMathToe-Info.plist */,
				ABE67C4C1A2E3E9F008E00B4 /* InfoPlist.strings */,
				ABE67C4F1A2E3E9F008E00B4 /* main.m */,
				ABE67C511A2E3E9F008E00B4 /* TicMathToe-Prefix.pch */,
			);
			name = "Supporting Files";
			sourceTree = "<group>";
		};
		ABE67C621A2E3E9F008E00B4 /* TicMathToeTests */ = {
			isa = PBXGroup;
			children = (
				ABE67C681A2E3E9F008E00B4 /* TicMathToeTests.m */,
				ABE67C631A2E3E9F008E00B4 /* Supporting Files */,
			);
			path = TicMathToeTests;
			sourceTree = "<group>";
		};
		ABE67C631A2E3E9F008E00B4 /* Supporting Files */ = {
			isa = PBXGroup;
			children = (
				ABE67C641A2E3E9F008E00B4 /* TicMathToeTests-Info.plist */,
				ABE67C651A2E3E9F008E00B4 /* InfoPlist.strings */,
			);
			name = "Supporting Files";
			sourceTree = "<group>";
		};
/* End PBXGroup section */

/* Begin PBXNativeTarget section */
		ABE67C3F1A2E3E9F008E00B4 /* TicMathToe */ = {
			isa = PBXNativeTarget;
			buildConfigurationList = ABE67C6C1A2E3E9F008E00B4 /* Build configuration list for PBXNativeTarget "TicMathToe" */;
			buildPhases = (
				ABE67C3C1A2E3E9F008E00B4 /* Sources */,
				ABE67C3D1A2E3E9F008E00B4 /* Frameworks */,
				ABE67C3E1A2E3E9F008E00B4 /* Resources */,
			);
			buildRules = (
			);
			dependencies = (
			);
			name = TicMathToe;
			productName = TicMathToe;
			productReference = ABE67C401A2E3E9F008E00B4 /* TicMathToe.app */;
			productType = "com.apple.product-type.application";
		};
		ABE67C5A1A2E3E9F008E00B4 /* TicMathToeTests */ = {
			isa = PBXNativeTarget;
			buildConfigurationList = ABE67C6F1A2E3E9F008E00B4 /* Build configuration list for PBXNativeTarget "TicMathToeTests" */;
			buildPhases = (
				ABE67C571A2E3E9F008E00B4 /* Sources */,
				ABE67C581A2E3E9F008E00B4 /* Frameworks */,
				ABE67C591A2E3E9F008E00B4 /* Resources */,
			);
			buildRules = (
			);
			dependencies = (
				ABE67C611A2E3E9F008E00B4 /* PBXTargetDependency */,
			);
			name = TicMathToeTests;
			productName = TicMathToeTests;
			productReference = ABE67C5B1A2E3E9F008E00B4 /* TicMathToeTests.xctest */;
			productType = "com.apple.product-type.bundle.unit-test";
		};
/* End PBXNativeTarget section */

/* Begin PBXProject section */
		ABE67C381A2E3E9F008E00B4 /* Project object */ = {
			isa = PBXProject;
			attributes = {
				CLASSPREFIX = CSCI400;
				LastUpgradeCheck = 0510;
				ORGANIZATIONNAME = "___FULLUSERNAME___";
				TargetAttributes = {
					ABE67C5A1A2E3E9F008E00B4 = {
						TestTargetID = ABE67C3F1A2E3E9F008E00B4;
					};
				};
			};
			buildConfigurationList = ABE67C3B1A2E3E9F008E00B4 /* Build configuration list for PBXProject "TicMathToe" */;
			compatibilityVersion = "Xcode 3.2";
			developmentRegion = English;
			hasScannedForEncodings = 0;
			knownRegions = (
				en,
			);
			mainGroup = ABE67C371A2E3E9F008E00B4;
			productRefGroup = ABE67C411A2E3E9F008E00B4 /* Products */;
			projectDirPath = "";
			projectRoot = "";
			targets = (
				ABE67C3F1A2E3E9F008E00B4 /* TicMathToe */,
				ABE67C5A1A2E3E9F008E00B4 /* TicMathToeTests */,
			);
		};
/* End PBXProject section */

/* Begin PBXResourcesBuildPhase section */
		ABE67C3E1A2E3E9F008E00B4 /* Resources */ = {
			isa = PBXResourcesBuildPhase;
			buildActionMask = 2147483647;
			files = (
				ABE67C4E1A2E3E9F008E00B4 /* InfoPlist.strings in Resources */,
				ABE67C561A2E3E9F008E00B4 /* Images.xcassets in Resources */,
			);
			runOnlyForDeploymentPostprocessing = 0;
		};
		ABE67C591A2E3E9F008E00B4 /* Resources */ = {
			isa = PBXResourcesBuildPhase;
			buildActionMask = 2147483647;
			files = (
				ABE67C671A2E3E9F008E00B4 /* InfoPlist.strings in Resources */,
			);
			runOnlyForDeploymentPostprocessing = 0;
		};
/* End PBXResourcesBuildPhase section */

/* Begin PBXSourcesBuildPhase section */
		ABE67C3C1A2E3E9F008E00B4 /* Sources */ = {
			isa = PBXSourcesBuildPhase;
			buildActionMask = 2147483647;
			files = (
				ABE67C501A2E3E9F008E00B4 /* main.m in Sources */,
				ABE67C541A2E3E9F008E00B4 /* CSCI400AppDelegate.m in Sources */,
			);
			runOnlyForDeploymentPostprocessing = 0;
		};
		ABE67C571A2E3E9F008E00B4 /* Sources */ = {
			isa = PBXSourcesBuildPhase;
			buildActionMask = 2147483647;
			files = (
				ABE67C691A2E3E9F008E00B4 /* TicMathToeTests.m in Sources */,
			);
			runOnlyForDeploymentPostprocessing = 0;
		};
/* End PBXSourcesBuildPhase section */

/* Begin PBXTargetDependency section */
		ABE67C611A2E3E9F008E00B4 /* PBXTargetDependency */ = {
			isa = PBXTargetDependency;
			target = ABE67C3F1A2E3E9F008E00B4 /* TicMathToe */;
			targetProxy = ABE67C601A2E3E9F008E00B4 /* PBXContainerItemProxy */;
		};
/* End PBXTargetDependency section */

/* Begin PBXVariantGroup section */
		ABE67C4C1A2E3E9F008E00B4 /* InfoPlist.strings */ = {
			isa = PBXVariantGroup;
			children = (
				ABE67C4D1A2E3E9F008E00B4 /* en */,
			);
			name = InfoPlist.strings;
			sourceTree = "<group>";
		};
		ABE67C651A2E3E9F008E00B4 /* InfoPlist.strings */ = {
			isa = PBXVariantGroup;
			children = (
				ABE67C661A2E3E9F008E00B4 /* en */,
			);
			name = InfoPlist.strings;
			sourceTree = "<group>";
		};
/* End PBXVariantGroup section */

/* Begin XCBuildConfiguration section */
		ABE67C6A1A2E3E9F008E00B4 /* Debug */ = {
			isa = XCBuildConfiguration;
			buildSettings = {
				ALWAYS_SEARCH_USER_PATHS = NO;
				CLANG_CXX_LANGUAGE_STANDARD = "gnu++0x";
				CLANG_CXX_LIBRARY = "libc++";
				CLANG_ENABLE_MODULES = YES;
				CLANG_ENABLE_OBJC_ARC = YES;
				CLANG_WARN_BOOL_CONVERSION = YES;
				CLANG_WARN_CONSTANT_CONVERSION = YES;
				CLANG_WARN_DIRECT_OBJC_ISA_USAGE = YES_ERROR;
				CLANG_WARN_EMPTY_BODY = YES;
				CLANG_WARN_ENUM_CONVERSION = YES;
				CLANG_WARN_INT_CONVERSION = YES;
				CLANG_WARN_OBJC_ROOT_CLASS = YES_ERROR;
				CLANG_WARN__DUPLICATE_METHOD_MATCH = YES;
				"CODE_SIGN_IDENTITY[sdk=iphoneos*]" = "iPhone Developer";
				COPY_PHASE_STRIP = NO;
				GCC_C_LANGUAGE_STANDARD = gnu99;
				GCC_DYNAMIC_NO_PIC = NO;
				GCC_OPTIMIZATION_LEVEL = 0;
				GCC_PREPROCESSOR_DEFINITIONS = (
					"DEBUG=1",
					"$(inherited)",
				);
				GCC_SYMBOLS_PRIVATE_EXTERN = NO;
				GCC_WARN_64_TO_32_BIT_CONVERSION = YES;
				GCC_WARN_ABOUT_RETURN_TYPE = YES_ERROR;
				GCC_WARN_UNDECLARED_SELECTOR = YES;
				GCC_WARN_UNINITIALIZED_AUTOS = YES_AGGRESSIVE;
				GCC_WARN_UNUSED_FUNCTION = YES;
				GCC_WARN_UNUSED_VARIABLE = YES;
				IPHONEOS_DEPLOYMENT_TARGET = 7.1;
				ONLY_ACTIVE_ARCH = YES;
				SDKROOT = iphoneos;
				TARGETED_DEVICE_FAMILY = "1,2";
			};
			name = Debug;
		};
		ABE67C6B1A2E3E9F008E00B4 /* Release */ = {
			isa = XCBuildConfiguration;
			buildSettings = {
				ALWAYS_SEARCH_USER_PATHS = NO;
				CLANG_CXX_LANGUAGE_STANDARD = "gnu++0x";
				CLANG_CXX_LIBRARY = "libc++";
				CLANG_ENABLE_MODULES = YES;
				CLANG_ENABLE_OBJC_ARC = YES;
				CLANG_WARN_BOOL_CONVERSION = YES;
				CLANG_WARN_CONSTANT_CONVERSION = YES;
				CLANG_WARN_DIRECT_OBJC_ISA_USAGE = YES_ERROR;
				CLANG_WARN_EMPTY_BODY = YES;
				CLANG_WARN_ENUM_CONVERSION = YES;
				CLANG_WARN_INT_CONVERSION = YES;
				CLANG_WARN_OBJC_ROOT_CLASS = YES_ERROR;
				CLANG_WARN__DUPLICATE_METHOD_MATCH = YES;
				"CODE_SIGN_IDENTITY[sdk=iphoneos*]" = "iPhone Developer";
				COPY_PHASE_STRIP = YES;
				ENABLE_NS_ASSERTIONS = NO;
				GCC_C_LANGUAGE_STANDARD = gnu99;
				GCC_WARN_64_TO_32_BIT_CONVERSION = YES;
				GCC_WARN_ABOUT_RETURN_TYPE = YES_ERROR;
				GCC_WARN_UNDECLARED_SELECTOR = YES;
				GCC_WARN_UNINITIALIZED_AUTOS = YES_AGGRESSIVE;
				GCC_WARN_UNUSED_FUNCTION = YES;
				GCC_WARN_UNUSED_VARIABLE = YES;
				IPHONEOS_DEPLOYMENT_TARGET = 7.1;
				SDKROOT = iphoneos;
				TARGETED_DEVICE_FAMILY = "1,2";
				VALIDATE_PRODUCT = YES;
			};
			name = Release;
		};
		ABE67C6D1A2E3E9F008E00B4 /* Debug */ = {
			isa = XCBuildConfiguration;
			buildSettings = {
				ASSETCATALOG_COMPILER_APPICON_NAME = AppIcon;
				ASSETCATALOG_COMPILER_LAUNCHIMAGE_NAME = LaunchImage;
				GCC_PRECOMPILE_PREFIX_HEADER = YES;
				GCC_PREFIX_HEADER = "TicMathToe/TicMathToe-Prefix.pch";
				INFOPLIST_FILE = "TicMathToe/TicMathToe-Info.plist";
				PRODUCT_NAME = "$(TARGET_NAME)";
				WRAPPER_EXTENSION = app;
			};
			name = Debug;
		};
		ABE67C6E1A2E3E9F008E00B4 /* Release */ = {
			isa = XCBuildConfiguration;
			buildSettings = {
				ASSETCATALOG_COMPILER_APPICON_NAME = AppIcon;
				ASSETCATALOG_COMPILER_LAUNCHIMAGE_NAME = LaunchImage;
				GCC_PRECOMPILE_PREFIX_HEADER = YES;
				GCC_PREFIX_HEADER = "TicMathToe/TicMathToe-Prefix.pch";
				INFOPLIST_FILE = "TicMathToe/TicMathToe-Info.plist";
				PRODUCT_NAME = "$(TARGET_NAME)";
				WRAPPER_EXTENSION = app;
			};
			name = Release;
		};
		ABE67C701A2E3E9F008E00B4 /* Debug */ = {
			isa = XCBuildConfiguration;
			buildSettings = {
				BUNDLE_LOADER = "$(BUILT_PRODUCTS_DIR)/TicMathToe.app/TicMathToe";
				FRAMEWORK_SEARCH_PATHS = (
					"$(SDKROOT)/Developer/Library/Frameworks",
					"$(inherited)",
					"$(DEVELOPER_FRAMEWORKS_DIR)",
				);
				GCC_PRECOMPILE_PREFIX_HEADER = YES;
				GCC_PREFIX_HEADER = "TicMathToe/TicMathToe-Prefix.pch";
				GCC_PREPROCESSOR_DEFINITIONS = (
					"DEBUG=1",
					"$(inherited)",
				);
				INFOPLIST_FILE = "TicMathToeTests/TicMathToeTests-Info.plist";
				PRODUCT_NAME = "$(TARGET_NAME)";
				TEST_HOST = "$(BUNDLE_LOADER)";
				WRAPPER_EXTENSION = xctest;
			};
			name = Debug;
		};
		ABE67C711A2E3E9F008E00B4 /* Release */ = {
			isa = XCBuildConfiguration;
			buildSettings = {
				BUNDLE_LOADER = "$(BUILT_PRODUCTS_DIR)/TicMathToe.app/TicMathToe";
				FRAMEWORK_SEARCH_PATHS = (
					"$(SDKROOT)/Developer/Library/Frameworks",
					"$(inherited)",
					"$(DEVELOPER_FRAMEWORKS_DIR)",
				);
				GCC_PRECOMPILE_PREFIX_HEADER = YES;
				GCC_PREFIX_HEADER = "TicMathToe/TicMathToe-Prefix.pch";
				INFOPLIST_FILE = "TicMathToeTests/TicMathToeTests-Info.plist";
				PRODUCT_NAME = "$(TARGET_NAME)";
				TEST_HOST = "$(BUNDLE_LOADER)";
				WRAPPER_EXTENSION = xctest;
			};
			name = Release;
		};
/* End XCBuildConfiguration section */

/* Begin XCConfigurationList section */
		ABE67C3B1A2E3E9F008E00B4 /* Build configuration list for PBXProject "TicMathToe" */ = {
			isa = XCConfigurationList;
			buildConfigurations = (
				ABE67C6A1A2E3E9F008E00B4 /* Debug */,
				ABE67C6B1A2E3E9F008E00B4 /* Release */,
			);
			defaultConfigurationIsVisible = 0;
			defaultConfigurationName = Release;
		};
		ABE67C6C1A2E3E9F008E00B4 /* Build configuration list for PBXNativeTarget "TicMathToe" */ = {
			isa = XCConfigurationList;
			buildConfigurations = (
				ABE67C6D1A2E3E9F008E00B4 /* Debug */,
				ABE67C6E1A2E3E9F008E00B4 /* Release */,
			);
			defaultConfigurationIsVisible = 0;
		};
		ABE67C6F1A2E3E9F008E00B4 /* Build configuration list for PBXNativeTarget "TicMathToeTests" */ = {
			isa = XCConfigurationList;
			buildConfigurations = (
				ABE67C701A2E3E9F008E00B4 /* Debug */,
				ABE67C711A2E3E9F008E00B4 /* Release */,
			);
			defaultConfigurationIsVisible = 0;
		};
/* End XCConfigurationList section */
	};
	rootObject = ABE67C381A2E3E9F008E00B4 /* Project object */;
}
